{
  "name": "Arras.io",
  "version": "1.0.0",
  "lockfileVersion": 1,
  "requires": true,
  "dependencies": {
    "google-closure-library": {
      "version": "20190909.0.0",
      "resolved": "https://registry.npmjs.org/google-closure-library/-/google-closure-library-20190909.0.0.tgz",
      "integrity": "sha512-ffbWz7OONPt40UmuxnJmPjoaZWFSNLkxGNB+21OnK0tG9o3U+0lRzNR624WSaXW7IRtUigco1V/H39WslvOt+w=="
    },
    "ws": {
      "version": "7.3.0",
      "resolved": "https://registry.npmjs.org/ws/-/ws-7.3.0.tgz",
      "integrity": "sha512-iFtXzngZVXPGgpTlP1rBqsUK82p9tKqsWRPg5L56egiljujJT3vGAYnHANvFxBieXrTFavhzhxW52jnaWV+w2w=="
    }
  }
}
